
Microsoft Visual Studio Solution File, Format Version 12.00
# Visual Studio Version 17
VisualStudioVersion = 17.0.31912.275
MinimumVisualStudioVersion = 10.0.40219.1
Project("{FAE04EC0-301F-11D3-BF4B-00C04F79EFBC}") = "AvailtyEnrollmentReaderApp", "AvailtyEnrollmentReaderApp\AvailtyEnrollmentReaderApp.csproj", "{83519623-C632-4C10-BC14-B8D46133284F}"
EndProject
Project("{FAE04EC0-301F-11D3-BF4B-00C04F79EFBC}") = "AvailtyEnrollmentReader.Domain", "AvailtyEnrollmentReader.Domain\AvailtyEnrollmentReader.Domain.csproj", "{01546519-26B3-475E-B7F7-5D7206760E75}"
EndProject
Project("{FAE04EC0-301F-11D3-BF4B-00C04F79EFBC}") = "AvailtyEnrollmentReader.ClassLibrary", "AvailtyEnrollmentReader.ClassLibrary\AvailtyEnrollmentReader.ClassLibrary.csproj", "{FC847B44-C3F7-491E-BBDF-6BE995AD681B}"
EndProject
Global
	GlobalSection(SolutionConfigurationPlatforms) = preSolution
		Debug|Any CPU = Debug|Any CPU
		Release|Any CPU = Release|Any CPU
	EndGlobalSection
	GlobalSection(ProjectConfigurationPlatforms) = postSolution
		{83519623-C632-4C10-BC14-B8D46133284F}.Debug|Any CPU.ActiveCfg = Debug|Any CPU
		{83519623-C632-4C10-BC14-B8D46133284F}.Debug|Any CPU.Build.0 = Debug|Any CPU
		{83519623-C632-4C10-BC14-B8D46133284F}.Release|Any CPU.ActiveCfg = Release|Any CPU
		{83519623-C632-4C10-BC14-B8D46133284F}.Release|Any CPU.Build.0 = Release|Any CPU
		{01546519-26B3-475E-B7F7-5D7206760E75}.Debug|Any CPU.ActiveCfg = Debug|Any CPU
		{01546519-26B3-475E-B7F7-5D7206760E75}.Debug|Any CPU.Build.0 = Debug|Any CPU
		{01546519-26B3-475E-B7F7-5D7206760E75}.Release|Any CPU.ActiveCfg = Release|Any CPU
		{01546519-26B3-475E-B7F7-5D7206760E75}.Release|Any CPU.Build.0 = Release|Any CPU
		{FC847B44-C3F7-491E-BBDF-6BE995AD681B}.Debug|Any CPU.ActiveCfg = Debug|Any CPU
		{FC847B44-C3F7-491E-BBDF-6BE995AD681B}.Debug|Any CPU.Build.0 = Debug|Any CPU
		{FC847B44-C3F7-491E-BBDF-6BE995AD681B}.Release|Any CPU.ActiveCfg = Release|Any CPU
		{FC847B44-C3F7-491E-BBDF-6BE995AD681B}.Release|Any CPU.Build.0 = Release|Any CPU
	EndGlobalSection
	GlobalSection(SolutionProperties) = preSolution
		HideSolutionNode = FALSE
	EndGlobalSection
	GlobalSection(ExtensibilityGlobals) = postSolution
		SolutionGuid = {34FA115A-3DD3-439B-A9C3-2286B5969E00}
	EndGlobalSection
EndGlobal
